
Microsoft Visual Studio Solution File, Format Version 12.00
# Visual Studio Version 17
VisualStudioVersion = 17.7.34202.233
MinimumVisualStudioVersion = 10.0.40219.1
Project("{FAE04EC0-301F-11D3-BF4B-00C04F79EFBC}") = "Parse", "Parse\Parse.csproj", "{BA6B3411-AD6D-4C6C-8AE2-2E39897630C1}"
EndProject
Global
	GlobalSection(SolutionConfigurationPlatforms) = preSolution
		Debug|Any CPU = Debug|Any CPU
		Release|Any CPU = Release|Any CPU
	EndGlobalSection
	GlobalSection(ProjectConfigurationPlatforms) = postSolution
		{BA6B3411-AD6D-4C6C-8AE2-2E39897630C1}.Debug|Any CPU.ActiveCfg = Debug|Any CPU
		{BA6B3411-AD6D-4C6C-8AE2-2E39897630C1}.Debug|Any CPU.Build.0 = Debug|Any CPU
		{BA6B3411-AD6D-4C6C-8AE2-2E39897630C1}.Release|Any CPU.ActiveCfg = Release|Any CPU
		{BA6B3411-AD6D-4C6C-8AE2-2E39897630C1}.Release|Any CPU.Build.0 = Release|Any CPU
	EndGlobalSection
	GlobalSection(SolutionProperties) = preSolution
		HideSolutionNode = FALSE
	EndGlobalSection
	GlobalSection(ExtensibilityGlobals) = postSolution
		SolutionGuid = {1E908924-A7CF-48AE-9BA6-6438EF9D21E4}
	EndGlobalSection
EndGlobal
